
Microsoft Visual Studio Solution File, Format Version 12.00
# Visual Studio Version 16
VisualStudioVersion = 16.0.30011.22
MinimumVisualStudioVersion = 10.0.40219.1
Project("{FAE04EC0-301F-11D3-BF4B-00C04F79EFBC}") = "WebApi", "WebApi\WebApi.csproj", "{B7AFEE25-8AE3-4641-875E-1567B431B5CC}"
EndProject
Global
	GlobalSection(SolutionConfigurationPlatforms) = preSolution
		Debug|Any CPU = Debug|Any CPU
		Release|Any CPU = Release|Any CPU
	EndGlobalSection
	GlobalSection(ProjectConfigurationPlatforms) = postSolution
		{B7AFEE25-8AE3-4641-875E-1567B431B5CC}.Debug|Any CPU.ActiveCfg = Debug|Any CPU
		{B7AFEE25-8AE3-4641-875E-1567B431B5CC}.Debug|Any CPU.Build.0 = Debug|Any CPU
		{B7AFEE25-8AE3-4641-875E-1567B431B5CC}.Release|Any CPU.ActiveCfg = Release|Any CPU
		{B7AFEE25-8AE3-4641-875E-1567B431B5CC}.Release|Any CPU.Build.0 = Release|Any CPU
	EndGlobalSection
	GlobalSection(SolutionProperties) = preSolution
		HideSolutionNode = FALSE
	EndGlobalSection
	GlobalSection(ExtensibilityGlobals) = postSolution
		SolutionGuid = {6D9813AA-7C62-4E0E-8091-3503B616F2A7}
	EndGlobalSection
EndGlobal
